
Microsoft Visual Studio Solution File, Format Version 12.00
# Visual Studio 15
VisualStudioVersion = 15.0.28307.438
MinimumVisualStudioVersion = 10.0.40219.1
Project("{FAE04EC0-301F-11D3-BF4B-00C04F79EFBC}") = "GivskudApp.Android", "GivskudApp\GivskudApp.Android\GivskudApp.Android.csproj", "{D5B29455-13D5-4EB0-839C-41FB430AB19C}"
EndProject
Project("{FAE04EC0-301F-11D3-BF4B-00C04F79EFBC}") = "GivskudApp.iOS", "GivskudApp\GivskudApp.iOS\GivskudApp.iOS.csproj", "{21F63B1F-0A0F-4398-9BFF-C07BA94E0E6B}"
EndProject
Project("{FAE04EC0-301F-11D3-BF4B-00C04F79EFBC}") = "GivskudApp", "GivskudApp\GivskudApp\GivskudApp.csproj", "{1BF04113-A81E-48C8-AFCD-DE34490164F6}"
EndProject
Global
	GlobalSection(SolutionConfigurationPlatforms) = preSolution
		Ad-Hoc|Any CPU = Ad-Hoc|Any CPU
		Ad-Hoc|iPhone = Ad-Hoc|iPhone
		Ad-Hoc|iPhoneSimulator = Ad-Hoc|iPhoneSimulator
		AppStore|Any CPU = AppStore|Any CPU
		AppStore|iPhone = AppStore|iPhone
		AppStore|iPhoneSimulator = AppStore|iPhoneSimulator
		Debug|Any CPU = Debug|Any CPU
		Debug|iPhone = Debug|iPhone
		Debug|iPhoneSimulator = Debug|iPhoneSimulator
		Release|Any CPU = Release|Any CPU
		Release|iPhone = Release|iPhone
		Release|iPhoneSimulator = Release|iPhoneSimulator
	EndGlobalSection
	GlobalSection(ProjectConfigurationPlatforms) = postSolution
		{D5B29455-13D5-4EB0-839C-41FB430AB19C}.Ad-Hoc|Any CPU.ActiveCfg = Release|Any CPU
		{D5B29455-13D5-4EB0-839C-41FB430AB19C}.Ad-Hoc|Any CPU.Build.0 = Release|Any CPU
		{D5B29455-13D5-4EB0-839C-41FB430AB19C}.Ad-Hoc|Any CPU.Deploy.0 = Release|Any CPU
		{D5B29455-13D5-4EB0-839C-41FB430AB19C}.Ad-Hoc|iPhone.ActiveCfg = Release|Any CPU
		{D5B29455-13D5-4EB0-839C-41FB430AB19C}.Ad-Hoc|iPhone.Build.0 = Release|Any CPU
		{D5B29455-13D5-4EB0-839C-41FB430AB19C}.Ad-Hoc|iPhone.Deploy.0 = Release|Any CPU
		{D5B29455-13D5-4EB0-839C-41FB430AB19C}.Ad-Hoc|iPhoneSimulator.ActiveCfg = Release|Any CPU
		{D5B29455-13D5-4EB0-839C-41FB430AB19C}.Ad-Hoc|iPhoneSimulator.Build.0 = Release|Any CPU
		{D5B29455-13D5-4EB0-839C-41FB430AB19C}.Ad-Hoc|iPhoneSimulator.Deploy.0 = Release|Any CPU
		{D5B29455-13D5-4EB0-839C-41FB430AB19C}.AppStore|Any CPU.ActiveCfg = Release|Any CPU
		{D5B29455-13D5-4EB0-839C-41FB430AB19C}.AppStore|Any CPU.Build.0 = Release|Any CPU
		{D5B29455-13D5-4EB0-839C-41FB430AB19C}.AppStore|Any CPU.Deploy.0 = Release|Any CPU
		{D5B29455-13D5-4EB0-839C-41FB430AB19C}.AppStore|iPhone.ActiveCfg = Release|Any CPU
		{D5B29455-13D5-4EB0-839C-41FB430AB19C}.AppStore|iPhone.Build.0 = Release|Any CPU
		{D5B29455-13D5-4EB0-839C-41FB430AB19C}.AppStore|iPhone.Deploy.0 = Release|Any CPU
		{D5B29455-13D5-4EB0-839C-41FB430AB19C}.AppStore|iPhoneSimulator.ActiveCfg = Release|Any CPU
		{D5B29455-13D5-4EB0-839C-41FB430AB19C}.AppStore|iPhoneSimulator.Build.0 = Release|Any CPU
		{D5B29455-13D5-4EB0-839C-41FB430AB19C}.AppStore|iPhoneSimulator.Deploy.0 = Release|Any CPU
		{D5B29455-13D5-4EB0-839C-41FB430AB19C}.Debug|Any CPU.ActiveCfg = Debug|Any CPU
		{D5B29455-13D5-4EB0-839C-41FB430AB19C}.Debug|Any CPU.Build.0 = Debug|Any CPU
		{D5B29455-13D5-4EB0-839C-41FB430AB19C}.Debug|Any CPU.Deploy.0 = Debug|Any CPU
		{D5B29455-13D5-4EB0-839C-41FB430AB19C}.Debug|iPhone.ActiveCfg = Debug|Any CPU
		{D5B29455-13D5-4EB0-839C-41FB430AB19C}.Debug|iPhone.Build.0 = Debug|Any CPU
		{D5B29455-13D5-4EB0-839C-41FB430AB19C}.Debug|iPhone.Deploy.0 = Debug|Any CPU
		{D5B29455-13D5-4EB0-839C-41FB430AB19C}.Debug|iPhoneSimulator.ActiveCfg = Debug|Any CPU
		{D5B29455-13D5-4EB0-839C-41FB430AB19C}.Debug|iPhoneSimulator.Build.0 = Debug|Any CPU
		{D5B29455-13D5-4EB0-839C-41FB430AB19C}.Debug|iPhoneSimulator.Deploy.0 = Debug|Any CPU
		{D5B29455-13D5-4EB0-839C-41FB430AB19C}.Release|Any CPU.ActiveCfg = Release|Any CPU
		{D5B29455-13D5-4EB0-839C-41FB430AB19C}.Release|Any CPU.Build.0 = Release|Any CPU
		{D5B29455-13D5-4EB0-839C-41FB430AB19C}.Release|Any CPU.Deploy.0 = Release|Any CPU
		{D5B29455-13D5-4EB0-839C-41FB430AB19C}.Release|iPhone.ActiveCfg = Release|Any CPU
		{D5B29455-13D5-4EB0-839C-41FB430AB19C}.Release|iPhone.Build.0 = Release|Any CPU
		{D5B29455-13D5-4EB0-839C-41FB430AB19C}.Release|iPhone.Deploy.0 = Release|Any CPU
		{D5B29455-13D5-4EB0-839C-41FB430AB19C}.Release|iPhoneSimulator.ActiveCfg = Release|Any CPU
		{D5B29455-13D5-4EB0-839C-41FB430AB19C}.Release|iPhoneSimulator.Build.0 = Release|Any CPU
		{D5B29455-13D5-4EB0-839C-41FB430AB19C}.Release|iPhoneSimulator.Deploy.0 = Release|Any CPU
		{21F63B1F-0A0F-4398-9BFF-C07BA94E0E6B}.Ad-Hoc|Any CPU.ActiveCfg = Ad-Hoc|iPhone
		{21F63B1F-0A0F-4398-9BFF-C07BA94E0E6B}.Ad-Hoc|Any CPU.Build.0 = Ad-Hoc|iPhone
		{21F63B1F-0A0F-4398-9BFF-C07BA94E0E6B}.Ad-Hoc|Any CPU.Deploy.0 = Ad-Hoc|iPhone
		{21F63B1F-0A0F-4398-9BFF-C07BA94E0E6B}.Ad-Hoc|iPhone.ActiveCfg = Ad-Hoc|iPhone
		{21F63B1F-0A0F-4398-9BFF-C07BA94E0E6B}.Ad-Hoc|iPhone.Build.0 = Ad-Hoc|iPhone
		{21F63B1F-0A0F-4398-9BFF-C07BA94E0E6B}.Ad-Hoc|iPhone.Deploy.0 = Ad-Hoc|iPhone
		{21F63B1F-0A0F-4398-9BFF-C07BA94E0E6B}.Ad-Hoc|iPhoneSimulator.ActiveCfg = Ad-Hoc|iPhoneSimulator
		{21F63B1F-0A0F-4398-9BFF-C07BA94E0E6B}.Ad-Hoc|iPhoneSimulator.Build.0 = Ad-Hoc|iPhoneSimulator
		{21F63B1F-0A0F-4398-9BFF-C07BA94E0E6B}.Ad-Hoc|iPhoneSimulator.Deploy.0 = Ad-Hoc|iPhoneSimulator
		{21F63B1F-0A0F-4398-9BFF-C07BA94E0E6B}.AppStore|Any CPU.ActiveCfg = AppStore|iPhone
		{21F63B1F-0A0F-4398-9BFF-C07BA94E0E6B}.AppStore|Any CPU.Build.0 = AppStore|iPhone
		{21F63B1F-0A0F-4398-9BFF-C07BA94E0E6B}.AppStore|Any CPU.Deploy.0 = AppStore|iPhone
		{21F63B1F-0A0F-4398-9BFF-C07BA94E0E6B}.AppStore|iPhone.ActiveCfg = AppStore|iPhone
		{21F63B1F-0A0F-4398-9BFF-C07BA94E0E6B}.AppStore|iPhone.Build.0 = AppStore|iPhone
		{21F63B1F-0A0F-4398-9BFF-C07BA94E0E6B}.AppStore|iPhone.Deploy.0 = AppStore|iPhone
		{21F63B1F-0A0F-4398-9BFF-C07BA94E0E6B}.AppStore|iPhoneSimulator.ActiveCfg = AppStore|iPhoneSimulator
		{21F63B1F-0A0F-4398-9BFF-C07BA94E0E6B}.AppStore|iPhoneSimulator.Build.0 = AppStore|iPhoneSimulator
		{21F63B1F-0A0F-4398-9BFF-C07BA94E0E6B}.AppStore|iPhoneSimulator.Deploy.0 = AppStore|iPhoneSimulator
		{21F63B1F-0A0F-4398-9BFF-C07BA94E0E6B}.Debug|Any CPU.ActiveCfg = Debug|iPhoneSimulator
		{21F63B1F-0A0F-4398-9BFF-C07BA94E0E6B}.Debug|Any CPU.Build.0 = Debug|iPhoneSimulator
		{21F63B1F-0A0F-4398-9BFF-C07BA94E0E6B}.Debug|Any CPU.Deploy.0 = Debug|iPhoneSimulator
		{21F63B1F-0A0F-4398-9BFF-C07BA94E0E6B}.Debug|iPhone.ActiveCfg = Debug|iPhone
		{21F63B1F-0A0F-4398-9BFF-C07BA94E0E6B}.Debug|iPhone.Build.0 = Debug|iPhone
		{21F63B1F-0A0F-4398-9BFF-C07BA94E0E6B}.Debug|iPhone.Deploy.0 = Debug|iPhone
		{21F63B1F-0A0F-4398-9BFF-C07BA94E0E6B}.Debug|iPhoneSimulator.ActiveCfg = Debug|iPhoneSimulator
		{21F63B1F-0A0F-4398-9BFF-C07BA94E0E6B}.Debug|iPhoneSimulator.Build.0 = Debug|iPhoneSimulator
		{21F63B1F-0A0F-4398-9BFF-C07BA94E0E6B}.Debug|iPhoneSimulator.Deploy.0 = Debug|iPhoneSimulator
		{21F63B1F-0A0F-4398-9BFF-C07BA94E0E6B}.Release|Any CPU.ActiveCfg = Release|iPhone
		{21F63B1F-0A0F-4398-9BFF-C07BA94E0E6B}.Release|Any CPU.Build.0 = Release|iPhone
		{21F63B1F-0A0F-4398-9BFF-C07BA94E0E6B}.Release|Any CPU.Deploy.0 = Release|iPhone
		{21F63B1F-0A0F-4398-9BFF-C07BA94E0E6B}.Release|iPhone.ActiveCfg = Release|iPhone
		{21F63B1F-0A0F-4398-9BFF-C07BA94E0E6B}.Release|iPhone.Build.0 = Release|iPhone
		{21F63B1F-0A0F-4398-9BFF-C07BA94E0E6B}.Release|iPhone.Deploy.0 = Release|iPhone
		{21F63B1F-0A0F-4398-9BFF-C07BA94E0E6B}.Release|iPhoneSimulator.ActiveCfg = Release|iPhoneSimulator
		{21F63B1F-0A0F-4398-9BFF-C07BA94E0E6B}.Release|iPhoneSimulator.Build.0 = Release|iPhoneSimulator
		{21F63B1F-0A0F-4398-9BFF-C07BA94E0E6B}.Release|iPhoneSimulator.Deploy.0 = Release|iPhoneSimulator
		{1BF04113-A81E-48C8-AFCD-DE34490164F6}.Ad-Hoc|Any CPU.ActiveCfg = Debug|Any CPU
		{1BF04113-A81E-48C8-AFCD-DE34490164F6}.Ad-Hoc|Any CPU.Build.0 = Debug|Any CPU
		{1BF04113-A81E-48C8-AFCD-DE34490164F6}.Ad-Hoc|Any CPU.Deploy.0 = Debug|Any CPU
		{1BF04113-A81E-48C8-AFCD-DE34490164F6}.Ad-Hoc|iPhone.ActiveCfg = Debug|Any CPU
		{1BF04113-A81E-48C8-AFCD-DE34490164F6}.Ad-Hoc|iPhone.Build.0 = Debug|Any CPU
		{1BF04113-A81E-48C8-AFCD-DE34490164F6}.Ad-Hoc|iPhone.Deploy.0 = Debug|Any CPU
		{1BF04113-A81E-48C8-AFCD-DE34490164F6}.Ad-Hoc|iPhoneSimulator.ActiveCfg = Debug|Any CPU
		{1BF04113-A81E-48C8-AFCD-DE34490164F6}.Ad-Hoc|iPhoneSimulator.Build.0 = Debug|Any CPU
		{1BF04113-A81E-48C8-AFCD-DE34490164F6}.Ad-Hoc|iPhoneSimulator.Deploy.0 = Debug|Any CPU
		{1BF04113-A81E-48C8-AFCD-DE34490164F6}.AppStore|Any CPU.ActiveCfg = Debug|Any CPU
		{1BF04113-A81E-48C8-AFCD-DE34490164F6}.AppStore|Any CPU.Build.0 = Debug|Any CPU
		{1BF04113-A81E-48C8-AFCD-DE34490164F6}.AppStore|Any CPU.Deploy.0 = Debug|Any CPU
		{1BF04113-A81E-48C8-AFCD-DE34490164F6}.AppStore|iPhone.ActiveCfg = Debug|Any CPU
		{1BF04113-A81E-48C8-AFCD-DE34490164F6}.AppStore|iPhone.Build.0 = Debug|Any CPU
		{1BF04113-A81E-48C8-AFCD-DE34490164F6}.AppStore|iPhone.Deploy.0 = Debug|Any CPU
		{1BF04113-A81E-48C8-AFCD-DE34490164F6}.AppStore|iPhoneSimulator.ActiveCfg = Debug|Any CPU
		{1BF04113-A81E-48C8-AFCD-DE34490164F6}.AppStore|iPhoneSimulator.Build.0 = Debug|Any CPU
		{1BF04113-A81E-48C8-AFCD-DE34490164F6}.AppStore|iPhoneSimulator.Deploy.0 = Debug|Any CPU
		{1BF04113-A81E-48C8-AFCD-DE34490164F6}.Debug|Any CPU.ActiveCfg = Debug|Any CPU
		{1BF04113-A81E-48C8-AFCD-DE34490164F6}.Debug|Any CPU.Build.0 = Debug|Any CPU
		{1BF04113-A81E-48C8-AFCD-DE34490164F6}.Debug|Any CPU.Deploy.0 = Debug|Any CPU
		{1BF04113-A81E-48C8-AFCD-DE34490164F6}.Debug|iPhone.ActiveCfg = Debug|Any CPU
		{1BF04113-A81E-48C8-AFCD-DE34490164F6}.Debug|iPhone.Build.0 = Debug|Any CPU
		{1BF04113-A81E-48C8-AFCD-DE34490164F6}.Debug|iPhone.Deploy.0 = Debug|Any CPU
		{1BF04113-A81E-48C8-AFCD-DE34490164F6}.Debug|iPhoneSimulator.ActiveCfg = Debug|Any CPU
		{1BF04113-A81E-48C8-AFCD-DE34490164F6}.Debug|iPhoneSimulator.Build.0 = Debug|Any CPU
		{1BF04113-A81E-48C8-AFCD-DE34490164F6}.Debug|iPhoneSimulator.Deploy.0 = Debug|Any CPU
		{1BF04113-A81E-48C8-AFCD-DE34490164F6}.Release|Any CPU.ActiveCfg = Release|Any CPU
		{1BF04113-A81E-48C8-AFCD-DE34490164F6}.Release|Any CPU.Build.0 = Release|Any CPU
		{1BF04113-A81E-48C8-AFCD-DE34490164F6}.Release|Any CPU.Deploy.0 = Release|Any CPU
		{1BF04113-A81E-48C8-AFCD-DE34490164F6}.Release|iPhone.ActiveCfg = Release|Any CPU
		{1BF04113-A81E-48C8-AFCD-DE34490164F6}.Release|iPhone.Build.0 = Release|Any CPU
		{1BF04113-A81E-48C8-AFCD-DE34490164F6}.Release|iPhone.Deploy.0 = Release|Any CPU
		{1BF04113-A81E-48C8-AFCD-DE34490164F6}.Release|iPhoneSimulator.ActiveCfg = Release|Any CPU
		{1BF04113-A81E-48C8-AFCD-DE34490164F6}.Release|iPhoneSimulator.Build.0 = Release|Any CPU
		{1BF04113-A81E-48C8-AFCD-DE34490164F6}.Release|iPhoneSimulator.Deploy.0 = Release|Any CPU
	EndGlobalSection
	GlobalSection(SolutionProperties) = preSolution
		HideSolutionNode = FALSE
	EndGlobalSection
	GlobalSection(ExtensibilityGlobals) = postSolution
		SolutionGuid = {AB10B031-7D59-41CC-AD01-FDC6ED7A63F8}
	EndGlobalSection
EndGlobal
